
Microsoft Visual Studio Solution File, Format Version 12.00
# Visual Studio Version 17
VisualStudioVersion = 17.3.32825.248
MinimumVisualStudioVersion = 10.0.40219.1
Project("{FAE04EC0-301F-11D3-BF4B-00C04F79EFBC}") = "ExoApi", "ExoApi\ExoApi.csproj", "{7E42917A-044E-4A39-804A-F27F94AE6CFE}"
EndProject
Global
	GlobalSection(SolutionConfigurationPlatforms) = preSolution
		Debug|Any CPU = Debug|Any CPU
		Release|Any CPU = Release|Any CPU
	EndGlobalSection
	GlobalSection(ProjectConfigurationPlatforms) = postSolution
		{7E42917A-044E-4A39-804A-F27F94AE6CFE}.Debug|Any CPU.ActiveCfg = Debug|Any CPU
		{7E42917A-044E-4A39-804A-F27F94AE6CFE}.Debug|Any CPU.Build.0 = Debug|Any CPU
		{7E42917A-044E-4A39-804A-F27F94AE6CFE}.Release|Any CPU.ActiveCfg = Release|Any CPU
		{7E42917A-044E-4A39-804A-F27F94AE6CFE}.Release|Any CPU.Build.0 = Release|Any CPU
	EndGlobalSection
	GlobalSection(SolutionProperties) = preSolution
		HideSolutionNode = FALSE
	EndGlobalSection
	GlobalSection(ExtensibilityGlobals) = postSolution
		SolutionGuid = {BD2B1645-3683-49C3-954F-DA4F6182D73F}
	EndGlobalSection
EndGlobal
